// !$*UTF8*$!
{
	archiveVersion = 1;
	classes = {
	};
	objectVersion = 46;
	objects = {

/* Begin PBXBuildFile section */
		7991F74F1BC31EEA00E3DECB /* main.cpp in Sources */ = {isa = PBXBuildFile; fileRef = 7991F74E1BC31EEA00E3DECB /* main.cpp */; };
		7991F7561BC31EF400E3DECB /* GLUT.framework in Frameworks */ = {isa = PBXBuildFile; fileRef = 7991F7551BC31EF400E3DECB /* GLUT.framework */; };
		7991F7581BC31EF800E3DECB /* OpenGL.framework in Frameworks */ = {isa = PBXBuildFile; fileRef = 7991F7571BC31EF800E3DECB /* OpenGL.framework */; };
/* End PBXBuildFile section */

/* Begin PBXCopyFilesBuildPhase section */
		7991F7491BC31EEA00E3DECB /* CopyFiles */ = {
			isa = PBXCopyFilesBuildPhase;
			buildActionMask = 2147483647;
			dstPath = /usr/share/man/man1/;
			dstSubfolderSpec = 0;
			files = (
			);
			runOnlyForDeploymentPostprocessing = 1;
		};
/* End PBXCopyFilesBuildPhase section */

/* Begin PBXFileReference section */
		7991F74B1BC31EEA00E3DECB /* CurvesEditor */ = {isa = PBXFileReference; explicitFileType = "compiled.mach-o.executable"; includeInIndex = 0; path = CurvesEditor; sourceTree = BUILT_PRODUCTS_DIR; };
		7991F74E1BC31EEA00E3DECB /* main.cpp */ = {isa = PBXFileReference; lastKnownFileType = sourcecode.cpp.cpp; path = main.cpp; sourceTree = "<group>"; };
		7991F7551BC31EF400E3DECB /* GLUT.framework */ = {isa = PBXFileReference; lastKnownFileType = wrapper.framework; name = GLUT.framework; path = System/Library/Frameworks/GLUT.framework; sourceTree = SDKROOT; };
		7991F7571BC31EF800E3DECB /* OpenGL.framework */ = {isa = PBXFileReference; lastKnownFileType = wrapper.framework; name = OpenGL.framework; path = System/Library/Frameworks/OpenGL.framework; sourceTree = SDKROOT; };
		7991F7591BC31F1900E3DECB /* float2.h */ = {isa = PBXFileReference; fileEncoding = 4; lastKnownFileType = sourcecode.c.h; path = float2.h; sourceTree = "<group>"; };
/* End PBXFileReference section */

/* Begin PBXFrameworksBuildPhase section */
		7991F7481BC31EEA00E3DECB /* Frameworks */ = {
			isa = PBXFrameworksBuildPhase;
			buildActionMask = 2147483647;
			files = (
				7991F7581BC31EF800E3DECB /* OpenGL.framework in Frameworks */,
				7991F7561BC31EF400E3DECB /* GLUT.framework in Frameworks */,
			);
			runOnlyForDeploymentPostprocessing = 0;
		};
/* End PBXFrameworksBuildPhase section */

/* Begin PBXGroup section */
		7991F7421BC31EEA00E3DECB = {
			isa = PBXGroup;
			children = (
				7991F7571BC31EF800E3DECB /* OpenGL.framework */,
				7991F7551BC31EF400E3DECB /* GLUT.framework */,
				7991F74D1BC31EEA00E3DECB /* CurvesEditor */,
				7991F74C1BC31EEA00E3DECB /* Products */,
			);
			sourceTree = "<group>";
		};
		7991F74C1BC31EEA00E3DECB /* Products */ = {
			isa = PBXGroup;
			children = (
				7991F74B1BC31EEA00E3DECB /* CurvesEditor */,
			);
			name = Products;
			sourceTree = "<group>";
		};
		7991F74D1BC31EEA00E3DECB /* CurvesEditor */ = {
			isa = PBXGroup;
			children = (
				7991F74E1BC31EEA00E3DECB /* main.cpp */,
				7991F7591BC31F1900E3DECB /* float2.h */,
			);
			path = CurvesEditor;
			sourceTree = "<group>";
		};
/* End PBXGroup section */

/* Begin PBXNativeTarget section */
		7991F74A1BC31EEA00E3DECB /* CurvesEditor */ = {
			isa = PBXNativeTarget;
			buildConfigurationList = 7991F7521BC31EEA00E3DECB /* Build configuration list for PBXNativeTarget "CurvesEditor" */;
			buildPhases = (
				7991F7471BC31EEA00E3DECB /* Sources */,
				7991F7481BC31EEA00E3DECB /* Frameworks */,
				7991F7491BC31EEA00E3DECB /* CopyFiles */,
			);
			buildRules = (
			);
			dependencies = (
			);
			name = CurvesEditor;
			productName = CurvesEditor;
			productReference = 7991F74B1BC31EEA00E3DECB /* CurvesEditor */;
			productType = "com.apple.product-type.tool";
		};
/* End PBXNativeTarget section */

/* Begin PBXProject section */
		7991F7431BC31EEA00E3DECB /* Project object */ = {
			isa = PBXProject;
			attributes = {
				LastUpgradeCheck = 0610;
				ORGANIZATIONNAME = "Kevin Donahoe";
				TargetAttributes = {
					7991F74A1BC31EEA00E3DECB = {
						CreatedOnToolsVersion = 6.1.1;
					};
				};
			};
			buildConfigurationList = 7991F7461BC31EEA00E3DECB /* Build configuration list for PBXProject "CurvesEditor" */;
			compatibilityVersion = "Xcode 3.2";
			developmentRegion = English;
			hasScannedForEncodings = 0;
			knownRegions = (
				en,
			);
			mainGroup = 7991F7421BC31EEA00E3DECB;
			productRefGroup = 7991F74C1BC31EEA00E3DECB /* Products */;
			projectDirPath = "";
			projectRoot = "";
			targets = (
				7991F74A1BC31EEA00E3DECB /* CurvesEditor */,
			);
		};
/* End PBXProject section */

/* Begin PBXSourcesBuildPhase section */
		7991F7471BC31EEA00E3DECB /* Sources */ = {
			isa = PBXSourcesBuildPhase;
			buildActionMask = 2147483647;
			files = (
				7991F74F1BC31EEA00E3DECB /* main.cpp in Sources */,
			);
			runOnlyForDeploymentPostprocessing = 0;
		};
/* End PBXSourcesBuildPhase section */

/* Begin XCBuildConfiguration section */
		7991F7501BC31EEA00E3DECB /* Debug */ = {
			isa = XCBuildConfiguration;
			buildSettings = {
				ALWAYS_SEARCH_USER_PATHS = NO;
				CLANG_CXX_LANGUAGE_STANDARD = "gnu++0x";
				CLANG_CXX_LIBRARY = "libc++";
				CLANG_ENABLE_MODULES = YES;
				CLANG_ENABLE_OBJC_ARC = YES;
				CLANG_WARN_BOOL_CONVERSION = YES;
				CLANG_WARN_CONSTANT_CONVERSION = YES;
				CLANG_WARN_DIRECT_OBJC_ISA_USAGE = YES_ERROR;
				CLANG_WARN_EMPTY_BODY = YES;
				CLANG_WARN_ENUM_CONVERSION = YES;
				CLANG_WARN_INT_CONVERSION = YES;
				CLANG_WARN_OBJC_ROOT_CLASS = YES_ERROR;
				CLANG_WARN_UNREACHABLE_CODE = YES;
				CLANG_WARN__DUPLICATE_METHOD_MATCH = YES;
				COPY_PHASE_STRIP = NO;
				ENABLE_STRICT_OBJC_MSGSEND = YES;
				GCC_C_LANGUAGE_STANDARD = gnu99;
				GCC_DYNAMIC_NO_PIC = NO;
				GCC_OPTIMIZATION_LEVEL = 0;
				GCC_PREPROCESSOR_DEFINITIONS = (
					"DEBUG=1",
					"$(inherited)",
				);
				GCC_SYMBOLS_PRIVATE_EXTERN = NO;
				GCC_WARN_64_TO_32_BIT_CONVERSION = YES;
				GCC_WARN_ABOUT_RETURN_TYPE = YES_ERROR;
				GCC_WARN_UNDECLARED_SELECTOR = YES;
				GCC_WARN_UNINITIALIZED_AUTOS = YES_AGGRESSIVE;
				GCC_WARN_UNUSED_FUNCTION = YES;
				GCC_WARN_UNUSED_VARIABLE = YES;
				MACOSX_DEPLOYMENT_TARGET = 10.9;
				MTL_ENABLE_DEBUG_INFO = YES;
				ONLY_ACTIVE_ARCH = YES;
				SDKROOT = macosx;
			};
			name = Debug;
		};
		7991F7511BC31EEA00E3DECB /* Release */ = {
			isa = XCBuildConfiguration;
			buildSettings = {
				ALWAYS_SEARCH_USER_PATHS = NO;
				CLANG_CXX_LANGUAGE_STANDARD = "gnu++0x";
				CLANG_CXX_LIBRARY = "libc++";
				CLANG_ENABLE_MODULES = YES;
				CLANG_ENABLE_OBJC_ARC = YES;
				CLANG_WARN_BOOL_CONVERSION = YES;
				CLANG_WARN_CONSTANT_CONVERSION = YES;
				CLANG_WARN_DIRECT_OBJC_ISA_USAGE = YES_ERROR;
				CLANG_WARN_EMPTY_BODY = YES;
				CLANG_WARN_ENUM_CONVERSION = YES;
				CLANG_WARN_INT_CONVERSION = YES;
				CLANG_WARN_OBJC_ROOT_CLASS = YES_ERROR;
				CLANG_WARN_UNREACHABLE_CODE = YES;
				CLANG_WARN__DUPLICATE_METHOD_MATCH = YES;
				COPY_PHASE_STRIP = YES;
				DEBUG_INFORMATION_FORMAT = "dwarf-with-dsym";
				ENABLE_NS_ASSERTIONS = NO;
				ENABLE_STRICT_OBJC_MSGSEND = YES;
				GCC_C_LANGUAGE_STANDARD = gnu99;
				GCC_WARN_64_TO_32_BIT_CONVERSION = YES;
				GCC_WARN_ABOUT_RETURN_TYPE = YES_ERROR;
				GCC_WARN_UNDECLARED_SELECTOR = YES;
				GCC_WARN_UNINITIALIZED_AUTOS = YES_AGGRESSIVE;
				GCC_WARN_UNUSED_FUNCTION = YES;
				GCC_WARN_UNUSED_VARIABLE = YES;
				MACOSX_DEPLOYMENT_TARGET = 10.9;
				MTL_ENABLE_DEBUG_INFO = NO;
				SDKROOT = macosx;
			};
			name = Release;
		};
		7991F7531BC31EEA00E3DECB /* Debug */ = {
			isa = XCBuildConfiguration;
			buildSettings = {
				PRODUCT_NAME = "$(TARGET_NAME)";
			};
			name = Debug;
		};
		7991F7541BC31EEA00E3DECB /* Release */ = {
			isa = XCBuildConfiguration;
			buildSettings = {
				PRODUCT_NAME = "$(TARGET_NAME)";
			};
			name = Release;
		};
/* End XCBuildConfiguration section */

/* Begin XCConfigurationList section */
		7991F7461BC31EEA00E3DECB /* Build configuration list for PBXProject "CurvesEditor" */ = {
			isa = XCConfigurationList;
			buildConfigurations = (
				7991F7501BC31EEA00E3DECB /* Debug */,
				7991F7511BC31EEA00E3DECB /* Release */,
			);
			defaultConfigurationIsVisible = 0;
			defaultConfigurationName = Release;
		};
		7991F7521BC31EEA00E3DECB /* Build configuration list for PBXNativeTarget "CurvesEditor" */ = {
			isa = XCConfigurationList;
			buildConfigurations = (
				7991F7531BC31EEA00E3DECB /* Debug */,
				7991F7541BC31EEA00E3DECB /* Release */,
			);
			defaultConfigurationIsVisible = 0;
			defaultConfigurationName = Release;
		};
/* End XCConfigurationList section */
	};
	rootObject = 7991F7431BC31EEA00E3DECB /* Project object */;
}
